
Microsoft Visual Studio Solution File, Format Version 12.00
# Visual Studio Version 17
VisualStudioVersion = 17.8.34330.188
MinimumVisualStudioVersion = 10.0.40219.1
Project("{2150E333-8FDC-42A3-9474-1A3956D46DE8}") = "src", "src", "{7475FF1B-3EA1-4526-B578-10E096FB783E}"
EndProject
Project("{FAE04EC0-301F-11D3-BF4B-00C04F79EFBC}") = "SimpleQuiz.Api", "SimpleQuiz.Api\SimpleQuiz.Api.csproj", "{4B653EB7-35F3-403B-9183-5B0B7E424733}"
EndProject
Global
	GlobalSection(SolutionConfigurationPlatforms) = preSolution
		Debug|Any CPU = Debug|Any CPU
		Release|Any CPU = Release|Any CPU
	EndGlobalSection
	GlobalSection(ProjectConfigurationPlatforms) = postSolution
		{4B653EB7-35F3-403B-9183-5B0B7E424733}.Debug|Any CPU.ActiveCfg = Debug|Any CPU
		{4B653EB7-35F3-403B-9183-5B0B7E424733}.Debug|Any CPU.Build.0 = Debug|Any CPU
		{4B653EB7-35F3-403B-9183-5B0B7E424733}.Release|Any CPU.ActiveCfg = Release|Any CPU
		{4B653EB7-35F3-403B-9183-5B0B7E424733}.Release|Any CPU.Build.0 = Release|Any CPU
	EndGlobalSection
	GlobalSection(SolutionProperties) = preSolution
		HideSolutionNode = FALSE
	EndGlobalSection
	GlobalSection(NestedProjects) = preSolution
		{4B653EB7-35F3-403B-9183-5B0B7E424733} = {7475FF1B-3EA1-4526-B578-10E096FB783E}
	EndGlobalSection
	GlobalSection(ExtensibilityGlobals) = postSolution
		SolutionGuid = {BAEB6CF0-514B-469A-93C0-4949D2EDF788}
	EndGlobalSection
EndGlobal
